github.com/bvkgo/kv v0.0.0-20210804023308-093a73baf721 h1:xc4oZOXt9ag99Iv1Z9dY6MCVLW5ru6uAYvEM1MNjfLY=
github.com/bvkgo/kv v0.0.0-20210804023308-093a73baf721/go.mod h1:DJs+HxZ3vV3oYD2ZXYz0EkV3cy2JYDr5Xn9K8wQCPjg=
golang.org/x/sync v0.0.0-20210220032951-036812b2e83c h1:5KslGYwFpkhGh+Q16bwMP3cOontH8FOep7tGV86Y7SQ=
golang.org/x/sync v0.0.0-20210220032951-036812b2e83c/go.mod h1:RxMgew5VJxzue5/jJTE5uejpjVlOe/izrB70Jof72aM=
golang.org/x/xerrors v0.0.0-20200804184101-5ec99f83aff1 h1:go1bK/D/BFZV2I8cIQd1NKEZ+0owSTG1fDTci4IqFcE=
golang.org/x/xerrors v0.0.0-20200804184101-5ec99f83aff1/go.mod h1:I/5z698sn9Ka8TeJc9MKroUUfqBBauWjQqLJ2OPfmY0=
